{
  "name": "mikewatsonus",
  "lockfileVersion": 3,
  "requires": true,
  "packages": {
    "": {
      "devDependencies": {
        "@types/vscode": "^1.96.0"
      }
    },
    "node_modules/@types/vscode": {
      "version": "1.96.0",
      "resolved": "https://registry.npmjs.org/@types/vscode/-/vscode-1.96.0.tgz",
      "integrity": "sha512-qvZbSZo+K4ZYmmDuaodMbAa67Pl6VDQzLKFka6rq+3WUTY4Kro7Bwoi0CuZLO/wema0ygcmpwow7zZfPJTs5jg==",
      "dev": true
    }
  }
}
